Microsoft Visual Studio Solution File, Format Version 12.00
# Visual Studio 15
VisualStudioVersion = 15.0.26124.0
MinimumVisualStudioVersion = 15.0.26124.0
Project("{2150E333-8FDC-42A3-9474-1A3956D46DE8}") = "src", "src", "{0A753437-91F7-43F3-B0B3-B7808CA2FE9C}"
EndProject
Project("{13B669BE-BB05-4DDF-9536-439F39A36129}") = "DotNetContainer", "src\DotNetContainer\DotNetContainer.csproj", "{4531B0B0-59BE-416C-865C-4E88106AA9DB}"
EndProject
Project("{13B669BE-BB05-4DDF-9536-439F39A36129}") = "DotNetContainer.Testing", "src\DotNetContainer.Testing\DotNetContainer.Testing.csproj", "{8F6D9E0B-1526-49B1-AE41-55F3A39FA189}"
EndProject
Project("{13B669BE-BB05-4DDF-9536-439F39A36129}") = "DotNetContainer.Validation", "src\DotNetContainer.Validation\DotNetContainer.Validation.csproj", "{3B9A1E27-A742-48EE-9B46-B4690B2109D8}"
EndProject
Project("{2150E333-8FDC-42A3-9474-1A3956D46DE8}") = "test", "test", "{5364CA75-8316-4F07-B480-CD11F778FF70}"
EndProject
Project("{13B669BE-BB05-4DDF-9536-439F39A36129}") = "DotNetContainer.Tests", "test\DotNetContainer.Tests\DotNetContainer.Tests.csproj", "{634F7A80-9756-40C3-B585-C2743E463C74}"
EndProject
Project("{13B669BE-BB05-4DDF-9536-439F39A36129}") = "DotNetContainer.Testing.Tests", "test\DotNetContainer.Testing.Tests\DotNetContainer.Testing.Tests.csproj", "{8546D2D4-0F15-4B35-907C-12400C56A4BC}"
EndProject
Project("{13B669BE-BB05-4DDF-9536-439F39A36129}") = "DotNetContainer.Validation.Tests", "test\DotNetContainer.Validation.Tests\DotNetContainer.Validation.Tests.csproj", "{E56E2D6F-4754-4606-A06C-07D624DE97DD}"
EndProject
Project("{2150E333-8FDC-42A3-9474-1A3956D46DE8}") = "samples", "samples", "{99B72961-351C-4B87-86DC-600582F4D70A}"
EndProject
Project("{13B669BE-BB05-4DDF-9536-439F39A36129}") = "DotNetContainer.Samples.ConsoleApplication", "samples\DotNetContainer.Samples.ConsoleApplication\DotNetContainer.Samples.ConsoleApplication.csproj", "{F9756818-8944-4D47-BE4A-C2611991D661}"
EndProject
Global
	GlobalSection(SolutionConfigurationPlatforms) = preSolution
		Debug|Any CPU = Debug|Any CPU
		Debug|x64 = Debug|x64
		Debug|x86 = Debug|x86
		Release|Any CPU = Release|Any CPU
		Release|x64 = Release|x64
		Release|x86 = Release|x86
	EndGlobalSection
	GlobalSection(SolutionProperties) = preSolution
		HideSolutionNode = FALSE
	EndGlobalSection
	GlobalSection(ProjectConfigurationPlatforms) = postSolution
		{8F6D9E0B-1526-49B1-AE41-55F3A39FA189}.Debug|Any CPU.ActiveCfg = Debug|Any CPU
		{8F6D9E0B-1526-49B1-AE41-55F3A39FA189}.Debug|Any CPU.Build.0 = Debug|Any CPU
		{8F6D9E0B-1526-49B1-AE41-55F3A39FA189}.Debug|x64.ActiveCfg = Debug|x64
		{8F6D9E0B-1526-49B1-AE41-55F3A39FA189}.Debug|x64.Build.0 = Debug|x64
		{8F6D9E0B-1526-49B1-AE41-55F3A39FA189}.Debug|x86.ActiveCfg = Debug|x86
		{8F6D9E0B-1526-49B1-AE41-55F3A39FA189}.Debug|x86.Build.0 = Debug|x86
		{8F6D9E0B-1526-49B1-AE41-55F3A39FA189}.Release|Any CPU.ActiveCfg = Release|Any CPU
		{8F6D9E0B-1526-49B1-AE41-55F3A39FA189}.Release|Any CPU.Build.0 = Release|Any CPU
		{8F6D9E0B-1526-49B1-AE41-55F3A39FA189}.Release|x64.ActiveCfg = Release|x64
		{8F6D9E0B-1526-49B1-AE41-55F3A39FA189}.Release|x64.Build.0 = Release|x64
		{8F6D9E0B-1526-49B1-AE41-55F3A39FA189}.Release|x86.ActiveCfg = Release|x86
		{8F6D9E0B-1526-49B1-AE41-55F3A39FA189}.Release|x86.Build.0 = Release|x86
		{3B9A1E27-A742-48EE-9B46-B4690B2109D8}.Debug|Any CPU.ActiveCfg = Debug|Any CPU
		{3B9A1E27-A742-48EE-9B46-B4690B2109D8}.Debug|Any CPU.Build.0 = Debug|Any CPU
		{3B9A1E27-A742-48EE-9B46-B4690B2109D8}.Debug|x64.ActiveCfg = Debug|x64
		{3B9A1E27-A742-48EE-9B46-B4690B2109D8}.Debug|x64.Build.0 = Debug|x64
		{3B9A1E27-A742-48EE-9B46-B4690B2109D8}.Debug|x86.ActiveCfg = Debug|x86
		{3B9A1E27-A742-48EE-9B46-B4690B2109D8}.Debug|x86.Build.0 = Debug|x86
		{3B9A1E27-A742-48EE-9B46-B4690B2109D8}.Release|Any CPU.ActiveCfg = Release|Any CPU
		{3B9A1E27-A742-48EE-9B46-B4690B2109D8}.Release|Any CPU.Build.0 = Release|Any CPU
		{3B9A1E27-A742-48EE-9B46-B4690B2109D8}.Release|x64.ActiveCfg = Release|x64
		{3B9A1E27-A742-48EE-9B46-B4690B2109D8}.Release|x64.Build.0 = Release|x64
		{3B9A1E27-A742-48EE-9B46-B4690B2109D8}.Release|x86.ActiveCfg = Release|x86
		{3B9A1E27-A742-48EE-9B46-B4690B2109D8}.Release|x86.Build.0 = Release|x86
		{634F7A80-9756-40C3-B585-C2743E463C74}.Debug|Any CPU.ActiveCfg = Debug|Any CPU
		{634F7A80-9756-40C3-B585-C2743E463C74}.Debug|Any CPU.Build.0 = Debug|Any CPU
		{634F7A80-9756-40C3-B585-C2743E463C74}.Debug|x64.ActiveCfg = Debug|x64
		{634F7A80-9756-40C3-B585-C2743E463C74}.Debug|x64.Build.0 = Debug|x64
		{634F7A80-9756-40C3-B585-C2743E463C74}.Debug|x86.ActiveCfg = Debug|x86
		{634F7A80-9756-40C3-B585-C2743E463C74}.Debug|x86.Build.0 = Debug|x86
		{634F7A80-9756-40C3-B585-C2743E463C74}.Release|Any CPU.ActiveCfg = Release|Any CPU
		{634F7A80-9756-40C3-B585-C2743E463C74}.Release|Any CPU.Build.0 = Release|Any CPU
		{634F7A80-9756-40C3-B585-C2743E463C74}.Release|x64.ActiveCfg = Release|x64
		{634F7A80-9756-40C3-B585-C2743E463C74}.Release|x64.Build.0 = Release|x64
		{634F7A80-9756-40C3-B585-C2743E463C74}.Release|x86.ActiveCfg = Release|x86
		{634F7A80-9756-40C3-B585-C2743E463C74}.Release|x86.Build.0 = Release|x86
		{8546D2D4-0F15-4B35-907C-12400C56A4BC}.Debug|Any CPU.ActiveCfg = Debug|Any CPU
		{8546D2D4-0F15-4B35-907C-12400C56A4BC}.Debug|Any CPU.Build.0 = Debug|Any CPU
		{8546D2D4-0F15-4B35-907C-12400C56A4BC}.Debug|x64.ActiveCfg = Debug|x64
		{8546D2D4-0F15-4B35-907C-12400C56A4BC}.Debug|x64.Build.0 = Debug|x64
		{8546D2D4-0F15-4B35-907C-12400C56A4BC}.Debug|x86.ActiveCfg = Debug|x86
		{8546D2D4-0F15-4B35-907C-12400C56A4BC}.Debug|x86.Build.0 = Debug|x86
		{8546D2D4-0F15-4B35-907C-12400C56A4BC}.Release|Any CPU.ActiveCfg = Release|Any CPU
		{8546D2D4-0F15-4B35-907C-12400C56A4BC}.Release|Any CPU.Build.0 = Release|Any CPU
		{8546D2D4-0F15-4B35-907C-12400C56A4BC}.Release|x64.ActiveCfg = Release|x64
		{8546D2D4-0F15-4B35-907C-12400C56A4BC}.Release|x64.Build.0 = Release|x64
		{8546D2D4-0F15-4B35-907C-12400C56A4BC}.Release|x86.ActiveCfg = Release|x86
		{8546D2D4-0F15-4B35-907C-12400C56A4BC}.Release|x86.Build.0 = Release|x86
		{E56E2D6F-4754-4606-A06C-07D624DE97DD}.Debug|Any CPU.ActiveCfg = Debug|Any CPU
		{E56E2D6F-4754-4606-A06C-07D624DE97DD}.Debug|Any CPU.Build.0 = Debug|Any CPU
		{E56E2D6F-4754-4606-A06C-07D624DE97DD}.Debug|x64.ActiveCfg = Debug|x64
		{E56E2D6F-4754-4606-A06C-07D624DE97DD}.Debug|x64.Build.0 = Debug|x64
		{E56E2D6F-4754-4606-A06C-07D624DE97DD}.Debug|x86.ActiveCfg = Debug|x86
		{E56E2D6F-4754-4606-A06C-07D624DE97DD}.Debug|x86.Build.0 = Debug|x86
		{E56E2D6F-4754-4606-A06C-07D624DE97DD}.Release|Any CPU.ActiveCfg = Release|Any CPU
		{E56E2D6F-4754-4606-A06C-07D624DE97DD}.Release|Any CPU.Build.0 = Release|Any CPU
		{E56E2D6F-4754-4606-A06C-07D624DE97DD}.Release|x64.ActiveCfg = Release|x64
		{E56E2D6F-4754-4606-A06C-07D624DE97DD}.Release|x64.Build.0 = Release|x64
		{E56E2D6F-4754-4606-A06C-07D624DE97DD}.Release|x86.ActiveCfg = Release|x86
		{E56E2D6F-4754-4606-A06C-07D624DE97DD}.Release|x86.Build.0 = Release|x86
		{F9756818-8944-4D47-BE4A-C2611991D661}.Debug|Any CPU.ActiveCfg = Debug|Any CPU
		{F9756818-8944-4D47-BE4A-C2611991D661}.Debug|Any CPU.Build.0 = Debug|Any CPU
		{F9756818-8944-4D47-BE4A-C2611991D661}.Debug|x64.ActiveCfg = Debug|x64
		{F9756818-8944-4D47-BE4A-C2611991D661}.Debug|x64.Build.0 = Debug|x64
		{F9756818-8944-4D47-BE4A-C2611991D661}.Debug|x86.ActiveCfg = Debug|x86
		{F9756818-8944-4D47-BE4A-C2611991D661}.Debug|x86.Build.0 = Debug|x86
		{F9756818-8944-4D47-BE4A-C2611991D661}.Release|Any CPU.ActiveCfg = Release|Any CPU
		{F9756818-8944-4D47-BE4A-C2611991D661}.Release|Any CPU.Build.0 = Release|Any CPU
		{F9756818-8944-4D47-BE4A-C2611991D661}.Release|x64.ActiveCfg = Release|x64
		{F9756818-8944-4D47-BE4A-C2611991D661}.Release|x64.Build.0 = Release|x64
		{F9756818-8944-4D47-BE4A-C2611991D661}.Release|x86.ActiveCfg = Release|x86
		{F9756818-8944-4D47-BE4A-C2611991D661}.Release|x86.Build.0 = Release|x86
		{4531B0B0-59BE-416C-865C-4E88106AA9DB}.Debug|Any CPU.ActiveCfg = Debug|Any CPU
		{4531B0B0-59BE-416C-865C-4E88106AA9DB}.Debug|Any CPU.Build.0 = Debug|Any CPU
		{4531B0B0-59BE-416C-865C-4E88106AA9DB}.Debug|x64.ActiveCfg = Debug|x64
		{4531B0B0-59BE-416C-865C-4E88106AA9DB}.Debug|x64.Build.0 = Debug|x64
		{4531B0B0-59BE-416C-865C-4E88106AA9DB}.Debug|x86.ActiveCfg = Debug|x86
		{4531B0B0-59BE-416C-865C-4E88106AA9DB}.Debug|x86.Build.0 = Debug|x86
		{4531B0B0-59BE-416C-865C-4E88106AA9DB}.Release|Any CPU.ActiveCfg = Release|Any CPU
		{4531B0B0-59BE-416C-865C-4E88106AA9DB}.Release|Any CPU.Build.0 = Release|Any CPU
		{4531B0B0-59BE-416C-865C-4E88106AA9DB}.Release|x64.ActiveCfg = Release|x64
		{4531B0B0-59BE-416C-865C-4E88106AA9DB}.Release|x64.Build.0 = Release|x64
		{4531B0B0-59BE-416C-865C-4E88106AA9DB}.Release|x86.ActiveCfg = Release|x86
		{4531B0B0-59BE-416C-865C-4E88106AA9DB}.Release|x86.Build.0 = Release|x86
	EndGlobalSection
	GlobalSection(NestedProjects) = preSolution
		{8F6D9E0B-1526-49B1-AE41-55F3A39FA189} = {0A753437-91F7-43F3-B0B3-B7808CA2FE9C}
		{3B9A1E27-A742-48EE-9B46-B4690B2109D8} = {0A753437-91F7-43F3-B0B3-B7808CA2FE9C}
		{634F7A80-9756-40C3-B585-C2743E463C74} = {5364CA75-8316-4F07-B480-CD11F778FF70}
		{8546D2D4-0F15-4B35-907C-12400C56A4BC} = {5364CA75-8316-4F07-B480-CD11F778FF70}
		{E56E2D6F-4754-4606-A06C-07D624DE97DD} = {5364CA75-8316-4F07-B480-CD11F778FF70}
		{F9756818-8944-4D47-BE4A-C2611991D661} = {99B72961-351C-4B87-86DC-600582F4D70A}
		{4531B0B0-59BE-416C-865C-4E88106AA9DB} = {0A753437-91F7-43F3-B0B3-B7808CA2FE9C}
	EndGlobalSection
EndGlobal
